
Microsoft Visual Studio Solution File, Format Version 12.00
# Visual Studio 15
VisualStudioVersion = 15.0.27130.2027
MinimumVisualStudioVersion = 10.0.40219.1
Project("{2150E333-8FDC-42A3-9474-1A3956D46DE8}") = "Solution Items", "Solution Items", "{7B89E1AD-884A-4145-A9ED-D0F4760B58CA}"
	ProjectSection(SolutionItems) = preProject
		..\COPYRIGHT.md = ..\COPYRIGHT.md
		README = README
		..\README.md = ..\README.md
		..\SAMPLE.md = ..\SAMPLE.md
		ToDo.txt = ToDo.txt
	EndProjectSection
EndProject
Project("{2150E333-8FDC-42A3-9474-1A3956D46DE8}") = "Documentation", "Documentation", "{ABCB07DC-C903-4476-8E2A-E3A68916AD66}"
	ProjectSection(SolutionItems) = preProject
		Documentation\How does this work.txt = Documentation\How does this work.txt
	EndProjectSection
EndProject
Project("{9A19103F-16F7-4668-BE54-9A1E7A4F7556}") = "3. Expression Parser", "3. Expression Parser\3. Expression Parser.csproj", "{B151D088-AE4D-4C8F-A17B-4A5B969C859A}"
	ProjectSection(ProjectDependencies) = postProject
		{8283591B-542C-4238-A38B-402CF3D95F44} = {8283591B-542C-4238-A38B-402CF3D95F44}
		{6027065C-E3C4-42AC-AC97-5CBDE81DFEF0} = {6027065C-E3C4-42AC-AC97-5CBDE81DFEF0}
	EndProjectSection
EndProject
Project("{9A19103F-16F7-4668-BE54-9A1E7A4F7556}") = "4. Statement Parser", "4. Statement Parser\4. Statement Parser.csproj", "{180BD10E-B042-486C-A999-1FB6F727D5A9}"
	ProjectSection(ProjectDependencies) = postProject
		{8283591B-542C-4238-A38B-402CF3D95F44} = {8283591B-542C-4238-A38B-402CF3D95F44}
		{6027065C-E3C4-42AC-AC97-5CBDE81DFEF0} = {6027065C-E3C4-42AC-AC97-5CBDE81DFEF0}
		{B151D088-AE4D-4C8F-A17B-4A5B969C859A} = {B151D088-AE4D-4C8F-A17B-4A5B969C859A}
	EndProjectSection
EndProject
Project("{9A19103F-16F7-4668-BE54-9A1E7A4F7556}") = "5. Code Generator", "5. Code Generator\5. Code Generator.csproj", "{8F4EB1F8-72F1-4720-8225-6D15097B1EE2}"
	ProjectSection(ProjectDependencies) = postProject
		{180BD10E-B042-486C-A999-1FB6F727D5A9} = {180BD10E-B042-486C-A999-1FB6F727D5A9}
		{8283591B-542C-4238-A38B-402CF3D95F44} = {8283591B-542C-4238-A38B-402CF3D95F44}
		{6027065C-E3C4-42AC-AC97-5CBDE81DFEF0} = {6027065C-E3C4-42AC-AC97-5CBDE81DFEF0}
		{B151D088-AE4D-4C8F-A17B-4A5B969C859A} = {B151D088-AE4D-4C8F-A17B-4A5B969C859A}
	EndProjectSection
EndProject
Project("{9A19103F-16F7-4668-BE54-9A1E7A4F7556}") = "1. Token Scanner", "1. Token Scanner\1. Token Scanner.csproj", "{6027065C-E3C4-42AC-AC97-5CBDE81DFEF0}"
EndProject
Project("{9A19103F-16F7-4668-BE54-9A1E7A4F7556}") = "2. Expression Parser Table Generator", "2. Expression Parser Tabel Generator\2. Expression Parser Table Generator.csproj", "{8283591B-542C-4238-A38B-402CF3D95F44}"
EndProject
Global
	GlobalSection(SolutionConfigurationPlatforms) = preSolution
		Debug|Any CPU = Debug|Any CPU
		Release|Any CPU = Release|Any CPU
	EndGlobalSection
	GlobalSection(ProjectConfigurationPlatforms) = postSolution
		{B151D088-AE4D-4C8F-A17B-4A5B969C859A}.Debug|Any CPU.ActiveCfg = Debug|Any CPU
		{B151D088-AE4D-4C8F-A17B-4A5B969C859A}.Debug|Any CPU.Build.0 = Debug|Any CPU
		{B151D088-AE4D-4C8F-A17B-4A5B969C859A}.Release|Any CPU.ActiveCfg = Release|Any CPU
		{B151D088-AE4D-4C8F-A17B-4A5B969C859A}.Release|Any CPU.Build.0 = Release|Any CPU
		{180BD10E-B042-486C-A999-1FB6F727D5A9}.Debug|Any CPU.ActiveCfg = Debug|Any CPU
		{180BD10E-B042-486C-A999-1FB6F727D5A9}.Debug|Any CPU.Build.0 = Debug|Any CPU
		{180BD10E-B042-486C-A999-1FB6F727D5A9}.Release|Any CPU.ActiveCfg = Release|Any CPU
		{180BD10E-B042-486C-A999-1FB6F727D5A9}.Release|Any CPU.Build.0 = Release|Any CPU
		{8F4EB1F8-72F1-4720-8225-6D15097B1EE2}.Debug|Any CPU.ActiveCfg = Debug|Any CPU
		{8F4EB1F8-72F1-4720-8225-6D15097B1EE2}.Debug|Any CPU.Build.0 = Debug|Any CPU
		{8F4EB1F8-72F1-4720-8225-6D15097B1EE2}.Release|Any CPU.ActiveCfg = Release|Any CPU
		{8F4EB1F8-72F1-4720-8225-6D15097B1EE2}.Release|Any CPU.Build.0 = Release|Any CPU
		{6027065C-E3C4-42AC-AC97-5CBDE81DFEF0}.Debug|Any CPU.ActiveCfg = Debug|Any CPU
		{6027065C-E3C4-42AC-AC97-5CBDE81DFEF0}.Debug|Any CPU.Build.0 = Debug|Any CPU
		{6027065C-E3C4-42AC-AC97-5CBDE81DFEF0}.Release|Any CPU.ActiveCfg = Release|Any CPU
		{6027065C-E3C4-42AC-AC97-5CBDE81DFEF0}.Release|Any CPU.Build.0 = Release|Any CPU
		{8283591B-542C-4238-A38B-402CF3D95F44}.Debug|Any CPU.ActiveCfg = Debug|Any CPU
		{8283591B-542C-4238-A38B-402CF3D95F44}.Debug|Any CPU.Build.0 = Debug|Any CPU
		{8283591B-542C-4238-A38B-402CF3D95F44}.Release|Any CPU.ActiveCfg = Release|Any CPU
		{8283591B-542C-4238-A38B-402CF3D95F44}.Release|Any CPU.Build.0 = Release|Any CPU
	EndGlobalSection
	GlobalSection(SolutionProperties) = preSolution
		HideSolutionNode = FALSE
	EndGlobalSection
	GlobalSection(NestedProjects) = preSolution
		{ABCB07DC-C903-4476-8E2A-E3A68916AD66} = {7B89E1AD-884A-4145-A9ED-D0F4760B58CA}
	EndGlobalSection
	GlobalSection(ExtensibilityGlobals) = postSolution
		SolutionGuid = {746D1461-43F1-45DF-8720-89AEC99CE84F}
	EndGlobalSection
EndGlobal
